# This file is autogenerated, do not edit; changes may be undone by the next 'dep ensure'.


[[projects]]
  name = "github.com/kr/pty"
  packages = ["."]
  revision = "282ce0e5322c82529687d609ee670fac7c7d917c"
  version = "v1.1.1"

[[projects]]
  branch = "master"
  name = "github.com/ssh-vault/crypto"
  packages = [
    ".",
    "aead",
    "oaep"
  ]
  revision = "ae180e0dba4c4b9516c202881bc333472c39c0d1"

[[projects]]
  branch = "master"
  name = "github.com/ssh-vault/go-keychain"
  packages = ["."]
  revision = "70b98e9c8d754db775c5bd3b2de3670cc76f1825"

[[projects]]
  branch = "master"
  name = "github.com/ssh-vault/ssh2pem"
  packages = ["."]
  revision = "c1edc64d10c522605f07c563da926f194426c755"

[[projects]]
  branch = "master"
  name = "golang.org/x/crypto"
  packages = ["ssh/terminal"]
  revision = "ab813273cd59e1333f7ae7bff5d027d4aadf528c"

[[projects]]
  branch = "master"
  name = "golang.org/x/sys"
  packages = [
    "unix",
    "windows"
  ]
  revision = "c11f84a56e43e20a78cee75a7c034031ecf57d1f"

[solve-meta]
  analyzer-name = "dep"
  analyzer-version = 1
  inputs-digest = "60125a08d8ad8c8b08969185974452a116b509756dcf1a10ba205162cb8b1d74"
  solver-name = "gps-cdcl"
  solver-version = 1
