# This file is autogenerated, do not edit; changes may be undone by the next 'dep ensure'.


[[projects]]
  digest = "1:e29335d5a78621ed7a539ed75e10785c3705bb67d916e48b03b1cdf9b727508d"
  name = "github.com/creack/pty"
  packages = ["."]
  pruneopts = "UT"
  revision = "3a6a957789163cacdfe0e291617a1c8e80612c11"
  version = "v1.1.9"

[[projects]]
  digest = "1:3e2fbf3f6d30c4c009be006f9d2a9eaefc804d8f6b991e88cb793b87318cc5bc"
  name = "github.com/kr/pty"
  packages = ["."]
  pruneopts = "UT"
  revision = "24b51915630e1d9d3c6adf15a3a96796bbc3cd43"
  version = "v1.1.8"

[[projects]]
  branch = "master"
  digest = "1:4a81ef92d48ee6fadc0f392b881cf5cfc26d20b90cc85eade8118654d3eeab42"
  name = "github.com/ssh-vault/crypto"
  packages = [
    ".",
    "aead",
    "oaep",
  ]
  pruneopts = "UT"
  revision = "3700ed0e38a3a37f0e8b8d78a6838af51313209c"

[[projects]]
  branch = "master"
  digest = "1:e0e7407760180ecbb8f9a005164e28e2fb2e3c43643937ce963fe70759c26262"
  name = "github.com/ssh-vault/go-keychain"
  packages = ["."]
  pruneopts = "UT"
  revision = "ccd67945d59e2e76561507e6d274dfe97905d40e"

[[projects]]
  branch = "master"
  digest = "1:2cb42a478cb8ca2e87dcee93f0f9a393c3f5c288099239e6ebfc84848acef55f"
  name = "github.com/ssh-vault/ssh2pem"
  packages = ["."]
  pruneopts = "UT"
  revision = "fdda4b3b6332f524efe55629cb61de451fe0b1d8"

[[projects]]
  branch = "master"
  digest = "1:bbe51412d9915d64ffaa96b51d409e070665efc5194fcf145c4a27d4133107a4"
  name = "golang.org/x/crypto"
  packages = ["ssh/terminal"]
  pruneopts = "UT"
  revision = "e9b2fee46413994441b28dfca259d911d963dfed"

[[projects]]
  branch = "master"
  digest = "1:472d3f5adc36e1c0b9120bc3830d692a090134aa5461335f39caabd0fdb7feac"
  name = "golang.org/x/sys"
  packages = [
    "unix",
    "windows",
  ]
  pruneopts = "UT"
  revision = "ac6580df4449443a05718fd7858c1f91ad5f8d20"

[solve-meta]
  analyzer-name = "dep"
  analyzer-version = 1
  input-imports = [
    "github.com/kr/pty",
    "github.com/ssh-vault/crypto",
    "github.com/ssh-vault/crypto/aead",
    "github.com/ssh-vault/crypto/oaep",
    "github.com/ssh-vault/go-keychain",
    "github.com/ssh-vault/ssh2pem",
    "golang.org/x/crypto/ssh/terminal",
  ]
  solver-name = "gps-cdcl"
  solver-version = 1
