# This file is autogenerated, do not edit; changes may be undone by the next 'dep ensure'.


[[projects]]
  name = "github.com/kr/pty"
  packages = ["."]
  revision = "282ce0e5322c82529687d609ee670fac7c7d917c"
  version = "v1.1.1"

[[projects]]
  branch = "master"
  name = "github.com/ssh-vault/crypto"
  packages = [
    ".",
    "aead",
    "oaep"
  ]
  revision = "ae180e0dba4c4b9516c202881bc333472c39c0d1"

[[projects]]
  branch = "master"
  name = "github.com/ssh-vault/go-keychain"
  packages = ["."]
  revision = "e39a0e22a1cbdbbcdc24b8556df51019c30df068"

[[projects]]
  branch = "master"
  name = "github.com/ssh-vault/ssh2pem"
  packages = ["."]
  revision = "c1edc64d10c522605f07c563da926f194426c755"

[[projects]]
  branch = "master"
  name = "golang.org/x/crypto"
  packages = ["ssh/terminal"]
  revision = "650f4a345ab4e5b245a3034b110ebc7299e68186"

[[projects]]
  branch = "master"
  name = "golang.org/x/sys"
  packages = [
    "unix",
    "windows"
  ]
  revision = "37707fdb30a5b38865cfb95e5aab41707daec7fd"

[solve-meta]
  analyzer-name = "dep"
  analyzer-version = 1
  inputs-digest = "60125a08d8ad8c8b08969185974452a116b509756dcf1a10ba205162cb8b1d74"
  solver-name = "gps-cdcl"
  solver-version = 1
